Microsoft Visual Studio Solution File, Format Version 12.00
# Visual Studio Version 17
VisualStudioVersion = 17.5.2.0
MinimumVisualStudioVersion = 10.0.40219.1
Project("{FAE04EC0-301F-11D3-BF4B-00C04F79EFBC}") = "WirelessDisconnectMonitor", "WirelessDisconnectMonitor.csproj", "{CE57C7E2-8EF4-A20D-CE02-3FDEB7019500}"
EndProject
Global
	GlobalSection(SolutionConfigurationPlatforms) = preSolution
		Debug|Any CPU = Debug|Any CPU
		Release|Any CPU = Release|Any CPU
	EndGlobalSection
	GlobalSection(ProjectConfigurationPlatforms) = postSolution
		{CE57C7E2-8EF4-A20D-CE02-3FDEB7019500}.Debug|Any CPU.ActiveCfg = Debug|Any CPU
		{CE57C7E2-8EF4-A20D-CE02-3FDEB7019500}.Debug|Any CPU.Build.0 = Debug|Any CPU
		{CE57C7E2-8EF4-A20D-CE02-3FDEB7019500}.Release|Any CPU.ActiveCfg = Release|Any CPU
		{CE57C7E2-8EF4-A20D-CE02-3FDEB7019500}.Release|Any CPU.Build.0 = Release|Any CPU
	EndGlobalSection
	GlobalSection(SolutionProperties) = preSolution
		HideSolutionNode = FALSE
	EndGlobalSection
	GlobalSection(ExtensibilityGlobals) = postSolution
		SolutionGuid = {42C85952-772A-4F9A-B09B-672A2F2B841A}
	EndGlobalSection
EndGlobal
